
Microsoft Visual Studio Solution File, Format Version 12.00
# Visual Studio Version 16
VisualStudioVersion = 16.0.30204.135
MinimumVisualStudioVersion = 10.0.40219.1
Project("{FAE04EC0-301F-11D3-BF4B-00C04F79EFBC}") = "final_project2", "final_project2\final_project2.csproj", "{CDFE7784-3938-453E-8112-D7C5FF3B604D}"
EndProject
Global
	GlobalSection(SolutionConfigurationPlatforms) = preSolution
		Debug|Any CPU = Debug|Any CPU
		Release|Any CPU = Release|Any CPU
	EndGlobalSection
	GlobalSection(ProjectConfigurationPlatforms) = postSolution
		{CDFE7784-3938-453E-8112-D7C5FF3B604D}.Debug|Any CPU.ActiveCfg = Debug|Any CPU
		{CDFE7784-3938-453E-8112-D7C5FF3B604D}.Debug|Any CPU.Build.0 = Debug|Any CPU
		{CDFE7784-3938-453E-8112-D7C5FF3B604D}.Release|Any CPU.ActiveCfg = Release|Any CPU
		{CDFE7784-3938-453E-8112-D7C5FF3B604D}.Release|Any CPU.Build.0 = Release|Any CPU
	EndGlobalSection
	GlobalSection(SolutionProperties) = preSolution
		HideSolutionNode = FALSE
	EndGlobalSection
	GlobalSection(ExtensibilityGlobals) = postSolution
		SolutionGuid = {5044FC32-625A-4448-9238-FDE82BE6DD0D}
	EndGlobalSection
EndGlobal
